
Microsoft Visual Studio Solution File, Format Version 12.00
Project("{8BC9CEB8-8B4A-11D0-8D11-00A0C91BC942}") = "vector_project", "vector_project\vector_project.vcxproj", "{BA1C8452-3A00-4DD1-A68C-EC0240288FE6}"
EndProject
Global
	GlobalSection(SolutionConfigurationPlatforms) = preSolution
		Debug|Any CPU = Debug|Any CPU
		Release|Any CPU = Release|Any CPU
	EndGlobalSection
	GlobalSection(ProjectConfigurationPlatforms) = postSolution
		{BA1C8452-3A00-4DD1-A68C-EC0240288FE6}.Debug|Any CPU.ActiveCfg = Debug|Win32
		{BA1C8452-3A00-4DD1-A68C-EC0240288FE6}.Debug|Any CPU.Build.0 = Debug|Win32
		{BA1C8452-3A00-4DD1-A68C-EC0240288FE6}.Release|Any CPU.ActiveCfg = Release|Win32
		{BA1C8452-3A00-4DD1-A68C-EC0240288FE6}.Release|Any CPU.Build.0 = Release|Win32
	EndGlobalSection
EndGlobal
